// !$*UTF8*$!
{
	archiveVersion = 1;
	classes = {
	};
	objectVersion = 46;
	objects = {

/* Begin PBXBuildFile section */
		15C755E41F5011EB00B667C5 /* main.m in Sources */ = {isa = PBXBuildFile; fileRef = 15C755E31F5011EB00B667C5 /* main.m */; };
		15C755E71F5011EB00B667C5 /* AppDelegate.m in Sources */ = {isa = PBXBuildFile; fileRef = 15C755E61F5011EB00B667C5 /* AppDelegate.m */; };
		15C755EA1F5011EB00B667C5 /* ViewController.m in Sources */ = {isa = PBXBuildFile; fileRef = 15C755E91F5011EB00B667C5 /* ViewController.m */; };
		15C755ED1F5011EB00B667C5 /* Main.storyboard in Resources */ = {isa = PBXBuildFile; fileRef = 15C755EB1F5011EB00B667C5 /* Main.storyboard */; };
		15C755EF1F5011EB00B667C5 /* Assets.xcassets in Resources */ = {isa = PBXBuildFile; fileRef = 15C755EE1F5011EB00B667C5 /* Assets.xcassets */; };
		15C755F21F5011EB00B667C5 /* LaunchScreen.storyboard in Resources */ = {isa = PBXBuildFile; fileRef = 15C755F01F5011EB00B667C5 /* LaunchScreen.storyboard */; };
		15C755FD1F5011EB00B667C5 /* PracticeDemo2Tests.m in Sources */ = {isa = PBXBuildFile; fileRef = 15C755FC1F5011EB00B667C5 /* PracticeDemo2Tests.m */; };
		15C756081F5011EB00B667C5 /* PracticeDemo2UITests.m in Sources */ = {isa = PBXBuildFile; fileRef = 15C756071F5011EB00B667C5 /* PracticeDemo2UITests.m */; };
		15C7561A1F5012BC00B667C5 /* NSObject+Swizzling.m in Sources */ = {isa = PBXBuildFile; fileRef = 15C756191F5012BC00B667C5 /* NSObject+Swizzling.m */; };
		15C756291F502EDE00B667C5 /* KXSafeHandlerCategory.m in Sources */ = {isa = PBXBuildFile; fileRef = 15C756281F502EDE00B667C5 /* KXSafeHandlerCategory.m */; };
/* End PBXBuildFile section */

/* Begin PBXContainerItemProxy section */
		15C755F91F5011EB00B667C5 /* PBXContainerItemProxy */ = {
			isa = PBXContainerItemProxy;
			containerPortal = 15C755D71F5011EB00B667C5 /* Project object */;
			proxyType = 1;
			remoteGlobalIDString = 15C755DE1F5011EB00B667C5;
			remoteInfo = PracticeDemo2;
		};
		15C756041F5011EB00B667C5 /* PBXContainerItemProxy */ = {
			isa = PBXContainerItemProxy;
			containerPortal = 15C755D71F5011EB00B667C5 /* Project object */;
			proxyType = 1;
			remoteGlobalIDString = 15C755DE1F5011EB00B667C5;
			remoteInfo = PracticeDemo2;
		};
/* End PBXContainerItemProxy section */

/* Begin PBXFileReference section */
		15C755DF1F5011EB00B667C5 /* PracticeDemo2.app */ = {isa = PBXFileReference; explicitFileType = wrapper.application; includeInIndex = 0; path = PracticeDemo2.app; sourceTree = BUILT_PRODUCTS_DIR; };
		15C755E31F5011EB00B667C5 /* main.m */ = {isa = PBXFileReference; lastKnownFileType = sourcecode.c.objc; path = main.m; sourceTree = "<group>"; };
		15C755E51F5011EB00B667C5 /* AppDelegate.h */ = {isa = PBXFileReference; lastKnownFileType = sourcecode.c.h; path = AppDelegate.h; sourceTree = "<group>"; };
		15C755E61F5011EB00B667C5 /* AppDelegate.m */ = {isa = PBXFileReference; lastKnownFileType = sourcecode.c.objc; path = AppDelegate.m; sourceTree = "<group>"; };
		15C755E81F5011EB00B667C5 /* ViewController.h */ = {isa = PBXFileReference; lastKnownFileType = sourcecode.c.h; path = ViewController.h; sourceTree = "<group>"; };
		15C755E91F5011EB00B667C5 /* ViewController.m */ = {isa = PBXFileReference; lastKnownFileType = sourcecode.c.objc; path = ViewController.m; sourceTree = "<group>"; };
		15C755EC1F5011EB00B667C5 /* Base */ = {isa = PBXFileReference; lastKnownFileType = file.storyboard; name = Base; path = Base.lproj/Main.storyboard; sourceTree = "<group>"; };
		15C755EE1F5011EB00B667C5 /* Assets.xcassets */ = {isa = PBXFileReference; lastKnownFileType = folder.assetcatalog; path = Assets.xcassets; sourceTree = "<group>"; };
		15C755F11F5011EB00B667C5 /* Base */ = {isa = PBXFileReference; lastKnownFileType = file.storyboard; name = Base; path = Base.lproj/LaunchScreen.storyboard; sourceTree = "<group>"; };
		15C755F31F5011EB00B667C5 /* Info.plist */ = {isa = PBXFileReference; lastKnownFileType = text.plist.xml; path = Info.plist; sourceTree = "<group>"; };
		15C755F81F5011EB00B667C5 /* PracticeDemo2Tests.xctest */ = {isa = PBXFileReference; explicitFileType = wrapper.cfbundle; includeInIndex = 0; path = PracticeDemo2Tests.xctest; sourceTree = BUILT_PRODUCTS_DIR; };
		15C755FC1F5011EB00B667C5 /* PracticeDemo2Tests.m */ = {isa = PBXFileReference; lastKnownFileType = sourcecode.c.objc; path = PracticeDemo2Tests.m; sourceTree = "<group>"; };
		15C755FE1F5011EB00B667C5 /* Info.plist */ = {isa = PBXFileReference; lastKnownFileType = text.plist.xml; path = Info.plist; sourceTree = "<group>"; };
		15C756031F5011EB00B667C5 /* PracticeDemo2UITests.xctest */ = {isa = PBXFileReference; explicitFileType = wrapper.cfbundle; includeInIndex = 0; path = PracticeDemo2UITests.xctest; sourceTree = BUILT_PRODUCTS_DIR; };
		15C756071F5011EB00B667C5 /* PracticeDemo2UITests.m */ = {isa = PBXFileReference; lastKnownFileType = sourcecode.c.objc; path = PracticeDemo2UITests.m; sourceTree = "<group>"; };
		15C756091F5011EB00B667C5 /* Info.plist */ = {isa = PBXFileReference; lastKnownFileType = text.plist.xml; path = Info.plist; sourceTree = "<group>"; };
		15C756181F5012BC00B667C5 /* NSObject+Swizzling.h */ = {isa = PBXFileReference; fileEncoding = 4; lastKnownFileType = sourcecode.c.h; path = "NSObject+Swizzling.h"; sourceTree = "<group>"; };
		15C756191F5012BC00B667C5 /* NSObject+Swizzling.m */ = {isa = PBXFileReference; fileEncoding = 4; lastKnownFileType = sourcecode.c.objc; path = "NSObject+Swizzling.m"; sourceTree = "<group>"; };
		15C756271F502EDE00B667C5 /* KXSafeHandlerCategory.h */ = {isa = PBXFileReference; fileEncoding = 4; lastKnownFileType = sourcecode.c.h; path = KXSafeHandlerCategory.h; sourceTree = "<group>"; };
		15C756281F502EDE00B667C5 /* KXSafeHandlerCategory.m */ = {isa = PBXFileReference; fileEncoding = 4; lastKnownFileType = sourcecode.c.objc; path = KXSafeHandlerCategory.m; sourceTree = "<group>"; };
/* End PBXFileReference section */

/* Begin PBXFrameworksBuildPhase section */
		15C755DC1F5011EB00B667C5 /* Frameworks */ = {
			isa = PBXFrameworksBuildPhase;
			buildActionMask = 2147483647;
			files = (
			);
			runOnlyForDeploymentPostprocessing = 0;
		};
		15C755F51F5011EB00B667C5 /* Frameworks */ = {
			isa = PBXFrameworksBuildPhase;
			buildActionMask = 2147483647;
			files = (
			);
			runOnlyForDeploymentPostprocessing = 0;
		};
		15C756001F5011EB00B667C5 /* Frameworks */ = {
			isa = PBXFrameworksBuildPhase;
			buildActionMask = 2147483647;
			files = (
			);
			runOnlyForDeploymentPostprocessing = 0;
		};
/* End PBXFrameworksBuildPhase section */

/* Begin PBXGroup section */
		15C755D61F5011EB00B667C5 = {
			isa = PBXGroup;
			children = (
				15C755E11F5011EB00B667C5 /* PracticeDemo2 */,
				15C755FB1F5011EB00B667C5 /* PracticeDemo2Tests */,
				15C756061F5011EB00B667C5 /* PracticeDemo2UITests */,
				15C755E01F5011EB00B667C5 /* Products */,
			);
			sourceTree = "<group>";
		};
		15C755E01F5011EB00B667C5 /* Products */ = {
			isa = PBXGroup;
			children = (
				15C755DF1F5011EB00B667C5 /* PracticeDemo2.app */,
				15C755F81F5011EB00B667C5 /* PracticeDemo2Tests.xctest */,
				15C756031F5011EB00B667C5 /* PracticeDemo2UITests.xctest */,
			);
			name = Products;
			sourceTree = "<group>";
		};
		15C755E11F5011EB00B667C5 /* PracticeDemo2 */ = {
			isa = PBXGroup;
			children = (
				15C755E51F5011EB00B667C5 /* AppDelegate.h */,
				15C755E61F5011EB00B667C5 /* AppDelegate.m */,
				15C755E81F5011EB00B667C5 /* ViewController.h */,
				15C755E91F5011EB00B667C5 /* ViewController.m */,
				15C755EB1F5011EB00B667C5 /* Main.storyboard */,
				15C755EE1F5011EB00B667C5 /* Assets.xcassets */,
				15C755F01F5011EB00B667C5 /* LaunchScreen.storyboard */,
				15C755F31F5011EB00B667C5 /* Info.plist */,
				15C755E21F5011EB00B667C5 /* Supporting Files */,
				15C756181F5012BC00B667C5 /* NSObject+Swizzling.h */,
				15C756191F5012BC00B667C5 /* NSObject+Swizzling.m */,
				15C756271F502EDE00B667C5 /* KXSafeHandlerCategory.h */,
				15C756281F502EDE00B667C5 /* KXSafeHandlerCategory.m */,
			);
			path = PracticeDemo2;
			sourceTree = "<group>";
		};
		15C755E21F5011EB00B667C5 /* Supporting Files */ = {
			isa = PBXGroup;
			children = (
				15C755E31F5011EB00B667C5 /* main.m */,
			);
			name = "Supporting Files";
			sourceTree = "<group>";
		};
		15C755FB1F5011EB00B667C5 /* PracticeDemo2Tests */ = {
			isa = PBXGroup;
			children = (
				15C755FC1F5011EB00B667C5 /* PracticeDemo2Tests.m */,
				15C755FE1F5011EB00B667C5 /* Info.plist */,
			);
			path = PracticeDemo2Tests;
			sourceTree = "<group>";
		};
		15C756061F5011EB00B667C5 /* PracticeDemo2UITests */ = {
			isa = PBXGroup;
			children = (
				15C756071F5011EB00B667C5 /* PracticeDemo2UITests.m */,
				15C756091F5011EB00B667C5 /* Info.plist */,
			);
			path = PracticeDemo2UITests;
			sourceTree = "<group>";
		};
/* End PBXGroup section */

/* Begin PBXNativeTarget section */
		15C755DE1F5011EB00B667C5 /* PracticeDemo2 */ = {
			isa = PBXNativeTarget;
			buildConfigurationList = 15C7560C1F5011EB00B667C5 /* Build configuration list for PBXNativeTarget "PracticeDemo2" */;
			buildPhases = (
				15C755DB1F5011EB00B667C5 /* Sources */,
				15C755DC1F5011EB00B667C5 /* Frameworks */,
				15C755DD1F5011EB00B667C5 /* Resources */,
			);
			buildRules = (
			);
			dependencies = (
			);
			name = PracticeDemo2;
			productName = PracticeDemo2;
			productReference = 15C755DF1F5011EB00B667C5 /* PracticeDemo2.app */;
			productType = "com.apple.product-type.application";
		};
		15C755F71F5011EB00B667C5 /* PracticeDemo2Tests */ = {
			isa = PBXNativeTarget;
			buildConfigurationList = 15C7560F1F5011EB00B667C5 /* Build configuration list for PBXNativeTarget "PracticeDemo2Tests" */;
			buildPhases = (
				15C755F41F5011EB00B667C5 /* Sources */,
				15C755F51F5011EB00B667C5 /* Frameworks */,
				15C755F61F5011EB00B667C5 /* Resources */,
			);
			buildRules = (
			);
			dependencies = (
				15C755FA1F5011EB00B667C5 /* PBXTargetDependency */,
			);
			name = PracticeDemo2Tests;
			productName = PracticeDemo2Tests;
			productReference = 15C755F81F5011EB00B667C5 /* PracticeDemo2Tests.xctest */;
			productType = "com.apple.product-type.bundle.unit-test";
		};
		15C756021F5011EB00B667C5 /* PracticeDemo2UITests */ = {
			isa = PBXNativeTarget;
			buildConfigurationList = 15C756121F5011EB00B667C5 /* Build configuration list for PBXNativeTarget "PracticeDemo2UITests" */;
			buildPhases = (
				15C755FF1F5011EB00B667C5 /* Sources */,
				15C756001F5011EB00B667C5 /* Frameworks */,
				15C756011F5011EB00B667C5 /* Resources */,
			);
			buildRules = (
			);
			dependencies = (
				15C756051F5011EB00B667C5 /* PBXTargetDependency */,
			);
			name = PracticeDemo2UITests;
			productName = PracticeDemo2UITests;
			productReference = 15C756031F5011EB00B667C5 /* PracticeDemo2UITests.xctest */;
			productType = "com.apple.product-type.bundle.ui-testing";
		};
/* End PBXNativeTarget section */

/* Begin PBXProject section */
		15C755D71F5011EB00B667C5 /* Project object */ = {
			isa = PBXProject;
			attributes = {
				LastUpgradeCheck = 0830;
				ORGANIZATIONNAME = wanhouhong;
				TargetAttributes = {
					15C755DE1F5011EB00B667C5 = {
						CreatedOnToolsVersion = 8.3.3;
						DevelopmentTeam = 66TV2DKPY8;
						ProvisioningStyle = Automatic;
					};
					15C755F71F5011EB00B667C5 = {
						CreatedOnToolsVersion = 8.3.3;
						ProvisioningStyle = Automatic;
						TestTargetID = 15C755DE1F5011EB00B667C5;
					};
					15C756021F5011EB00B667C5 = {
						CreatedOnToolsVersion = 8.3.3;
						ProvisioningStyle = Automatic;
						TestTargetID = 15C755DE1F5011EB00B667C5;
					};
				};
			};
			buildConfigurationList = 15C755DA1F5011EB00B667C5 /* Build configuration list for PBXProject "PracticeDemo2" */;
			compatibilityVersion = "Xcode 3.2";
			developmentRegion = English;
			hasScannedForEncodings = 0;
			knownRegions = (
				en,
				Base,
			);
			mainGroup = 15C755D61F5011EB00B667C5;
			productRefGroup = 15C755E01F5011EB00B667C5 /* Products */;
			projectDirPath = "";
			projectRoot = "";
			targets = (
				15C755DE1F5011EB00B667C5 /* PracticeDemo2 */,
				15C755F71F5011EB00B667C5 /* PracticeDemo2Tests */,
				15C756021F5011EB00B667C5 /* PracticeDemo2UITests */,
			);
		};
/* End PBXProject section */

/* Begin PBXResourcesBuildPhase section */
		15C755DD1F5011EB00B667C5 /* Resources */ = {
			isa = PBXResourcesBuildPhase;
			buildActionMask = 2147483647;
			files = (
				15C755F21F5011EB00B667C5 /* LaunchScreen.storyboard in Resources */,
				15C755EF1F5011EB00B667C5 /* Assets.xcassets in Resources */,
				15C755ED1F5011EB00B667C5 /* Main.storyboard in Resources */,
			);
			runOnlyForDeploymentPostprocessing = 0;
		};
		15C755F61F5011EB00B667C5 /* Resources */ = {
			isa = PBXResourcesBuildPhase;
			buildActionMask = 2147483647;
			files = (
			);
			runOnlyForDeploymentPostprocessing = 0;
		};
		15C756011F5011EB00B667C5 /* Resources */ = {
			isa = PBXResourcesBuildPhase;
			buildActionMask = 2147483647;
			files = (
			);
			runOnlyForDeploymentPostprocessing = 0;
		};
/* End PBXResourcesBuildPhase section */

/* Begin PBXSourcesBuildPhase section */
		15C755DB1F5011EB00B667C5 /* Sources */ = {
			isa = PBXSourcesBuildPhase;
			buildActionMask = 2147483647;
			files = (
				15C755EA1F5011EB00B667C5 /* ViewController.m in Sources */,
				15C755E71F5011EB00B667C5 /* AppDelegate.m in Sources */,
				15C755E41F5011EB00B667C5 /* main.m in Sources */,
				15C756291F502EDE00B667C5 /* KXSafeHandlerCategory.m in Sources */,
				15C7561A1F5012BC00B667C5 /* NSObject+Swizzling.m in Sources */,
			);
			runOnlyForDeploymentPostprocessing = 0;
		};
		15C755F41F5011EB00B667C5 /* Sources */ = {
			isa = PBXSourcesBuildPhase;
			buildActionMask = 2147483647;
			files = (
				15C755FD1F5011EB00B667C5 /* PracticeDemo2Tests.m in Sources */,
			);
			runOnlyForDeploymentPostprocessing = 0;
		};
		15C755FF1F5011EB00B667C5 /* Sources */ = {
			isa = PBXSourcesBuildPhase;
			buildActionMask = 2147483647;
			files = (
				15C756081F5011EB00B667C5 /* PracticeDemo2UITests.m in Sources */,
			);
			runOnlyForDeploymentPostprocessing = 0;
		};
/* End PBXSourcesBuildPhase section */

/* Begin PBXTargetDependency section */
		15C755FA1F5011EB00B667C5 /* PBXTargetDependency */ = {
			isa = PBXTargetDependency;
			target = 15C755DE1F5011EB00B667C5 /* PracticeDemo2 */;
			targetProxy = 15C755F91F5011EB00B667C5 /* PBXContainerItemProxy */;
		};
		15C756051F5011EB00B667C5 /* PBXTargetDependency */ = {
			isa = PBXTargetDependency;
			target = 15C755DE1F5011EB00B667C5 /* PracticeDemo2 */;
			targetProxy = 15C756041F5011EB00B667C5 /* PBXContainerItemProxy */;
		};
/* End PBXTargetDependency section */

/* Begin PBXVariantGroup section */
		15C755EB1F5011EB00B667C5 /* Main.storyboard */ = {
			isa = PBXVariantGroup;
			children = (
				15C755EC1F5011EB00B667C5 /* Base */,
			);
			name = Main.storyboard;
			sourceTree = "<group>";
		};
		15C755F01F5011EB00B667C5 /* LaunchScreen.storyboard */ = {
			isa = PBXVariantGroup;
			children = (
				15C755F11F5011EB00B667C5 /* Base */,
			);
			name = LaunchScreen.storyboard;
			sourceTree = "<group>";
		};
/* End PBXVariantGroup section */

/* Begin XCBuildConfiguration section */
		15C7560A1F5011EB00B667C5 /* Debug */ = {
			isa = XCBuildConfiguration;
			buildSettings = {
				ALWAYS_SEARCH_USER_PATHS = NO;
				CLANG_ANALYZER_NONNULL = YES;
				CLANG_ANALYZER_NUMBER_OBJECT_CONVERSION = YES_AGGRESSIVE;
				CLANG_CXX_LANGUAGE_STANDARD = "gnu++0x";
				CLANG_CXX_LIBRARY = "libc++";
				CLANG_ENABLE_MODULES = YES;
				CLANG_ENABLE_OBJC_ARC = YES;
				CLANG_WARN_BOOL_CONVERSION = YES;
				CLANG_WARN_CONSTANT_CONVERSION = YES;
				CLANG_WARN_DIRECT_OBJC_ISA_USAGE = YES_ERROR;
				CLANG_WARN_DOCUMENTATION_COMMENTS = YES;
				CLANG_WARN_EMPTY_BODY = YES;
				CLANG_WARN_ENUM_CONVERSION = YES;
				CLANG_WARN_INFINITE_RECURSION = YES;
				CLANG_WARN_INT_CONVERSION = YES;
				CLANG_WARN_OBJC_ROOT_CLASS = YES_ERROR;
				CLANG_WARN_SUSPICIOUS_MOVE = YES;
				CLANG_WARN_UNREACHABLE_CODE = YES;
				CLANG_WARN__DUPLICATE_METHOD_MATCH = YES;
				"CODE_SIGN_IDENTITY[sdk=iphoneos*]" = "iPhone Developer";
				COPY_PHASE_STRIP = NO;
				DEBUG_INFORMATION_FORMAT = dwarf;
				ENABLE_STRICT_OBJC_MSGSEND = YES;
				ENABLE_TESTABILITY = YES;
				GCC_C_LANGUAGE_STANDARD = gnu99;
				GCC_DYNAMIC_NO_PIC = NO;
				GCC_NO_COMMON_BLOCKS = YES;
				GCC_OPTIMIZATION_LEVEL = 0;
				GCC_PREPROCESSOR_DEFINITIONS = (
					"DEBUG=1",
					"$(inherited)",
				);
				GCC_WARN_64_TO_32_BIT_CONVERSION = YES;
				GCC_WARN_ABOUT_RETURN_TYPE = YES_ERROR;
				GCC_WARN_UNDECLARED_SELECTOR = YES;
				GCC_WARN_UNINITIALIZED_AUTOS = YES_AGGRESSIVE;
				GCC_WARN_UNUSED_FUNCTION = YES;
				GCC_WARN_UNUSED_VARIABLE = YES;
				IPHONEOS_DEPLOYMENT_TARGET = 8.0;
				MTL_ENABLE_DEBUG_INFO = YES;
				ONLY_ACTIVE_ARCH = YES;
				SDKROOT = iphoneos;
			};
			name = Debug;
		};
		15C7560B1F5011EB00B667C5 /* Release */ = {
			isa = XCBuildConfiguration;
			buildSettings = {
				ALWAYS_SEARCH_USER_PATHS = NO;
				CLANG_ANALYZER_NONNULL = YES;
				CLANG_ANALYZER_NUMBER_OBJECT_CONVERSION = YES_AGGRESSIVE;
				CLANG_CXX_LANGUAGE_STANDARD = "gnu++0x";
				CLANG_CXX_LIBRARY = "libc++";
				CLANG_ENABLE_MODULES = YES;
				CLANG_ENABLE_OBJC_ARC = YES;
				CLANG_WARN_BOOL_CONVERSION = YES;
				CLANG_WARN_CONSTANT_CONVERSION = YES;
				CLANG_WARN_DIRECT_OBJC_ISA_USAGE = YES_ERROR;
				CLANG_WARN_DOCUMENTATION_COMMENTS = YES;
				CLANG_WARN_EMPTY_BODY = YES;
				CLANG_WARN_ENUM_CONVERSION = YES;
				CLANG_WARN_INFINITE_RECURSION = YES;
				CLANG_WARN_INT_CONVERSION = YES;
				CLANG_WARN_OBJC_ROOT_CLASS = YES_ERROR;
				CLANG_WARN_SUSPICIOUS_MOVE = YES;
				CLANG_WARN_UNREACHABLE_CODE = YES;
				CLANG_WARN__DUPLICATE_METHOD_MATCH = YES;
				"CODE_SIGN_IDENTITY[sdk=iphoneos*]" = "iPhone Developer";
				COPY_PHASE_STRIP = NO;
				DEBUG_INFORMATION_FORMAT = "dwarf-with-dsym";
				ENABLE_NS_ASSERTIONS = NO;
				ENABLE_STRICT_OBJC_MSGSEND = YES;
				GCC_C_LANGUAGE_STANDARD = gnu99;
				GCC_NO_COMMON_BLOCKS = YES;
				GCC_WARN_64_TO_32_BIT_CONVERSION = YES;
				GCC_WARN_ABOUT_RETURN_TYPE = YES_ERROR;
				GCC_WARN_UNDECLARED_SELECTOR = YES;
				GCC_WARN_UNINITIALIZED_AUTOS = YES_AGGRESSIVE;
				GCC_WARN_UNUSED_FUNCTION = YES;
				GCC_WARN_UNUSED_VARIABLE = YES;
				IPHONEOS_DEPLOYMENT_TARGET = 8.0;
				MTL_ENABLE_DEBUG_INFO = NO;
				SDKROOT = iphoneos;
				VALIDATE_PRODUCT = YES;
			};
			name = Release;
		};
		15C7560D1F5011EB00B667C5 /* Debug */ = {
			isa = XCBuildConfiguration;
			buildSettings = {
				ASSETCATALOG_COMPILER_APPICON_NAME = AppIcon;
				DEVELOPMENT_TEAM = 66TV2DKPY8;
				INFOPLIST_FILE = PracticeDemo2/Info.plist;
				IPHONEOS_DEPLOYMENT_TARGET = 8.0;
				LD_RUNPATH_SEARCH_PATHS = "$(inherited) @executable_path/Frameworks";
				PRODUCT_BUNDLE_IDENTIFIER = personal.PracticeDemo2;
				PRODUCT_NAME = "$(TARGET_NAME)";
			};
			name = Debug;
		};
		15C7560E1F5011EB00B667C5 /* Release */ = {
			isa = XCBuildConfiguration;
			buildSettings = {
				ASSETCATALOG_COMPILER_APPICON_NAME = AppIcon;
				DEVELOPMENT_TEAM = 66TV2DKPY8;
				INFOPLIST_FILE = PracticeDemo2/Info.plist;
				IPHONEOS_DEPLOYMENT_TARGET = 8.0;
				LD_RUNPATH_SEARCH_PATHS = "$(inherited) @executable_path/Frameworks";
				PRODUCT_BUNDLE_IDENTIFIER = personal.PracticeDemo2;
				PRODUCT_NAME = "$(TARGET_NAME)";
			};
			name = Release;
		};
		15C756101F5011EB00B667C5 /* Debug */ = {
			isa = XCBuildConfiguration;
			buildSettings = {
				BUNDLE_LOADER = "$(TEST_HOST)";
				INFOPLIST_FILE = PracticeDemo2Tests/Info.plist;
				LD_RUNPATH_SEARCH_PATHS = "$(inherited) @executable_path/Frameworks @loader_path/Frameworks";
				PRODUCT_BUNDLE_IDENTIFIER = personal.PracticeDemo2Tests;
				PRODUCT_NAME = "$(TARGET_NAME)";
				TEST_HOST = "$(BUILT_PRODUCTS_DIR)/PracticeDemo2.app/PracticeDemo2";
			};
			name = Debug;
		};
		15C756111F5011EB00B667C5 /* Release */ = {
			isa = XCBuildConfiguration;
			buildSettings = {
				BUNDLE_LOADER = "$(TEST_HOST)";
				INFOPLIST_FILE = PracticeDemo2Tests/Info.plist;
				LD_RUNPATH_SEARCH_PATHS = "$(inherited) @executable_path/Frameworks @loader_path/Frameworks";
				PRODUCT_BUNDLE_IDENTIFIER = personal.PracticeDemo2Tests;
				PRODUCT_NAME = "$(TARGET_NAME)";
				TEST_HOST = "$(BUILT_PRODUCTS_DIR)/PracticeDemo2.app/PracticeDemo2";
			};
			name = Release;
		};
		15C756131F5011EB00B667C5 /* Debug */ = {
			isa = XCBuildConfiguration;
			buildSettings = {
				INFOPLIST_FILE = PracticeDemo2UITests/Info.plist;
				LD_RUNPATH_SEARCH_PATHS = "$(inherited) @executable_path/Frameworks @loader_path/Frameworks";
				PRODUCT_BUNDLE_IDENTIFIER = personal.PracticeDemo2UITests;
				PRODUCT_NAME = "$(TARGET_NAME)";
				TEST_TARGET_NAME = PracticeDemo2;
			};
			name = Debug;
		};
		15C756141F5011EB00B667C5 /* Release */ = {
			isa = XCBuildConfiguration;
			buildSettings = {
				INFOPLIST_FILE = PracticeDemo2UITests/Info.plist;
				LD_RUNPATH_SEARCH_PATHS = "$(inherited) @executable_path/Frameworks @loader_path/Frameworks";
				PRODUCT_BUNDLE_IDENTIFIER = personal.PracticeDemo2UITests;
				PRODUCT_NAME = "$(TARGET_NAME)";
				TEST_TARGET_NAME = PracticeDemo2;
			};
			name = Release;
		};
/* End XCBuildConfiguration section */

/* Begin XCConfigurationList section */
		15C755DA1F5011EB00B667C5 /* Build configuration list for PBXProject "PracticeDemo2" */ = {
			isa = XCConfigurationList;
			buildConfigurations = (
				15C7560A1F5011EB00B667C5 /* Debug */,
				15C7560B1F5011EB00B667C5 /* Release */,
			);
			defaultConfigurationIsVisible = 0;
			defaultConfigurationName = Release;
		};
		15C7560C1F5011EB00B667C5 /* Build configuration list for PBXNativeTarget "PracticeDemo2" */ = {
			isa = XCConfigurationList;
			buildConfigurations = (
				15C7560D1F5011EB00B667C5 /* Debug */,
				15C7560E1F5011EB00B667C5 /* Release */,
			);
			defaultConfigurationIsVisible = 0;
		};
		15C7560F1F5011EB00B667C5 /* Build configuration list for PBXNativeTarget "PracticeDemo2Tests" */ = {
			isa = XCConfigurationList;
			buildConfigurations = (
				15C756101F5011EB00B667C5 /* Debug */,
				15C756111F5011EB00B667C5 /* Release */,
			);
			defaultConfigurationIsVisible = 0;
		};
		15C756121F5011EB00B667C5 /* Build configuration list for PBXNativeTarget "PracticeDemo2UITests" */ = {
			isa = XCConfigurationList;
			buildConfigurations = (
				15C756131F5011EB00B667C5 /* Debug */,
				15C756141F5011EB00B667C5 /* Release */,
			);
			defaultConfigurationIsVisible = 0;
		};
/* End XCConfigurationList section */
	};
	rootObject = 15C755D71F5011EB00B667C5 /* Project object */;
}
